
Microsoft Visual Studio Solution File, Format Version 12.00
# Visual Studio Version 17
VisualStudioVersion = 17.11.35222.181
MinimumVisualStudioVersion = 10.0.40219.1
Project("{FAE04EC0-301F-11D3-BF4B-00C04F79EFBC}") = "Onatrix-CMS", "Onatrix-CMS\Onatrix-CMS.csproj", "{4A2BEE63-61CE-4D1F-A00A-99E6921837E5}"
EndProject
Global
	GlobalSection(SolutionConfigurationPlatforms) = preSolution
		Debug|Any CPU = Debug|Any CPU
		Release|Any CPU = Release|Any CPU
	EndGlobalSection
	GlobalSection(ProjectConfigurationPlatforms) = postSolution
		{4A2BEE63-61CE-4D1F-A00A-99E6921837E5}.Debug|Any CPU.ActiveCfg = Debug|Any CPU
		{4A2BEE63-61CE-4D1F-A00A-99E6921837E5}.Debug|Any CPU.Build.0 = Debug|Any CPU
		{4A2BEE63-61CE-4D1F-A00A-99E6921837E5}.Release|Any CPU.ActiveCfg = Release|Any CPU
		{4A2BEE63-61CE-4D1F-A00A-99E6921837E5}.Release|Any CPU.Build.0 = Release|Any CPU
	EndGlobalSection
	GlobalSection(SolutionProperties) = preSolution
		HideSolutionNode = FALSE
	EndGlobalSection
	GlobalSection(ExtensibilityGlobals) = postSolution
		SolutionGuid = {C2A31C49-A9ED-42B0-A576-7381C2084903}
	EndGlobalSection
EndGlobal
